{
  "version": 1,
  "dependencies": {
    "net10.0-windows10.0.26100": {
      "Fluence.Wpf": {
        "type": "Direct",
        "requested": "[0.9.1, )",
        "resolved": "0.9.1",
        "contentHash": "4tWfyBQWn7ODtvgt3bn4khsfrfD7Wq6ay1cBaUhniZMKfQD49Ci+sS5/vskM12UrdGBxAZ/Qd12LkyFHu1eHVA=="
      }
    }
  }
}
