{
  "version": 1,
  "dependencies": {
    "net10.0-windows10.0.26100": {
      "Fluence.Wpf": {
        "type": "Direct",
        "requested": "[0.9.1, )",
        "resolved": "0.9.1",
        "contentHash": "ElSD8IEzuyfxcPOWq7g/Z5NMeAThNJqg1njUHS5uvIQlkzWXU5KoLxJJ8TA3qJVhD3YSUGUjTkNAW2ukuPZ/+g=="
      }
    }
  }
}
